// !$*UTF8*$!
{
	archiveVersion = 1;
	classes = {
	};
	objectVersion = 46;
	objects = {

/* Begin PBXBuildFile section */
		04546E0D1F43F6A200707141 /* main.m in Sources */ = {isa = PBXBuildFile; fileRef = 04546E0C1F43F6A200707141 /* main.m */; };
		04546E101F43F6A200707141 /* AppDelegate.m in Sources */ = {isa = PBXBuildFile; fileRef = 04546E0F1F43F6A200707141 /* AppDelegate.m */; };
		04546E131F43F6A200707141 /* ViewController.m in Sources */ = {isa = PBXBuildFile; fileRef = 04546E121F43F6A200707141 /* ViewController.m */; };
		04546E161F43F6A300707141 /* Main.storyboard in Resources */ = {isa = PBXBuildFile; fileRef = 04546E141F43F6A300707141 /* Main.storyboard */; };
		04546E181F43F6A300707141 /* Assets.xcassets in Resources */ = {isa = PBXBuildFile; fileRef = 04546E171F43F6A300707141 /* Assets.xcassets */; };
		04546E1B1F43F6A300707141 /* LaunchScreen.storyboard in Resources */ = {isa = PBXBuildFile; fileRef = 04546E191F43F6A300707141 /* LaunchScreen.storyboard */; };
		04546E261F43F6A300707141 /* dropMenuTests.m in Sources */ = {isa = PBXBuildFile; fileRef = 04546E251F43F6A300707141 /* dropMenuTests.m */; };
		04546E311F43F6A300707141 /* dropMenuUITests.m in Sources */ = {isa = PBXBuildFile; fileRef = 04546E301F43F6A300707141 /* dropMenuUITests.m */; };
/* End PBXBuildFile section */

/* Begin PBXContainerItemProxy section */
		04546E221F43F6A300707141 /* PBXContainerItemProxy */ = {
			isa = PBXContainerItemProxy;
			containerPortal = 04546E001F43F6A200707141 /* Project object */;
			proxyType = 1;
			remoteGlobalIDString = 04546E071F43F6A200707141;
			remoteInfo = dropMenu;
		};
		04546E2D1F43F6A300707141 /* PBXContainerItemProxy */ = {
			isa = PBXContainerItemProxy;
			containerPortal = 04546E001F43F6A200707141 /* Project object */;
			proxyType = 1;
			remoteGlobalIDString = 04546E071F43F6A200707141;
			remoteInfo = dropMenu;
		};
/* End PBXContainerItemProxy section */

/* Begin PBXFileReference section */
		04546E081F43F6A200707141 /* dropMenu.app */ = {isa = PBXFileReference; explicitFileType = wrapper.application; includeInIndex = 0; path = dropMenu.app; sourceTree = BUILT_PRODUCTS_DIR; };
		04546E0C1F43F6A200707141 /* main.m */ = {isa = PBXFileReference; lastKnownFileType = sourcecode.c.objc; path = main.m; sourceTree = "<group>"; };
		04546E0E1F43F6A200707141 /* AppDelegate.h */ = {isa = PBXFileReference; lastKnownFileType = sourcecode.c.h; path = AppDelegate.h; sourceTree = "<group>"; };
		04546E0F1F43F6A200707141 /* AppDelegate.m */ = {isa = PBXFileReference; lastKnownFileType = sourcecode.c.objc; path = AppDelegate.m; sourceTree = "<group>"; };
		04546E111F43F6A200707141 /* ViewController.h */ = {isa = PBXFileReference; lastKnownFileType = sourcecode.c.h; path = ViewController.h; sourceTree = "<group>"; };
		04546E121F43F6A200707141 /* ViewController.m */ = {isa = PBXFileReference; lastKnownFileType = sourcecode.c.objc; path = ViewController.m; sourceTree = "<group>"; };
		04546E151F43F6A300707141 /* Base */ = {isa = PBXFileReference; lastKnownFileType = file.storyboard; name = Base; path = Base.lproj/Main.storyboard; sourceTree = "<group>"; };
		04546E171F43F6A300707141 /* Assets.xcassets */ = {isa = PBXFileReference; lastKnownFileType = folder.assetcatalog; path = Assets.xcassets; sourceTree = "<group>"; };
		04546E1A1F43F6A300707141 /* Base */ = {isa = PBXFileReference; lastKnownFileType = file.storyboard; name = Base; path = Base.lproj/LaunchScreen.storyboard; sourceTree = "<group>"; };
		04546E1C1F43F6A300707141 /* Info.plist */ = {isa = PBXFileReference; lastKnownFileType = text.plist.xml; path = Info.plist; sourceTree = "<group>"; };
		04546E211F43F6A300707141 /* dropMenuTests.xctest */ = {isa = PBXFileReference; explicitFileType = wrapper.cfbundle; includeInIndex = 0; path = dropMenuTests.xctest; sourceTree = BUILT_PRODUCTS_DIR; };
		04546E251F43F6A300707141 /* dropMenuTests.m */ = {isa = PBXFileReference; lastKnownFileType = sourcecode.c.objc; path = dropMenuTests.m; sourceTree = "<group>"; };
		04546E271F43F6A300707141 /* Info.plist */ = {isa = PBXFileReference; lastKnownFileType = text.plist.xml; path = Info.plist; sourceTree = "<group>"; };
		04546E2C1F43F6A300707141 /* dropMenuUITests.xctest */ = {isa = PBXFileReference; explicitFileType = wrapper.cfbundle; includeInIndex = 0; path = dropMenuUITests.xctest; sourceTree = BUILT_PRODUCTS_DIR; };
		04546E301F43F6A300707141 /* dropMenuUITests.m */ = {isa = PBXFileReference; lastKnownFileType = sourcecode.c.objc; path = dropMenuUITests.m; sourceTree = "<group>"; };
		04546E321F43F6A300707141 /* Info.plist */ = {isa = PBXFileReference; lastKnownFileType = text.plist.xml; path = Info.plist; sourceTree = "<group>"; };
/* End PBXFileReference section */

/* Begin PBXFrameworksBuildPhase section */
		04546E051F43F6A200707141 /* Frameworks */ = {
			isa = PBXFrameworksBuildPhase;
			buildActionMask = 2147483647;
			files = (
			);
			runOnlyForDeploymentPostprocessing = 0;
		};
		04546E1E1F43F6A300707141 /* Frameworks */ = {
			isa = PBXFrameworksBuildPhase;
			buildActionMask = 2147483647;
			files = (
			);
			runOnlyForDeploymentPostprocessing = 0;
		};
		04546E291F43F6A300707141 /* Frameworks */ = {
			isa = PBXFrameworksBuildPhase;
			buildActionMask = 2147483647;
			files = (
			);
			runOnlyForDeploymentPostprocessing = 0;
		};
/* End PBXFrameworksBuildPhase section */

/* Begin PBXGroup section */
		04546DFF1F43F6A200707141 = {
			isa = PBXGroup;
			children = (
				04546E0A1F43F6A200707141 /* dropMenu */,
				04546E241F43F6A300707141 /* dropMenuTests */,
				04546E2F1F43F6A300707141 /* dropMenuUITests */,
				04546E091F43F6A200707141 /* Products */,
			);
			sourceTree = "<group>";
		};
		04546E091F43F6A200707141 /* Products */ = {
			isa = PBXGroup;
			children = (
				04546E081F43F6A200707141 /* dropMenu.app */,
				04546E211F43F6A300707141 /* dropMenuTests.xctest */,
				04546E2C1F43F6A300707141 /* dropMenuUITests.xctest */,
			);
			name = Products;
			sourceTree = "<group>";
		};
		04546E0A1F43F6A200707141 /* dropMenu */ = {
			isa = PBXGroup;
			children = (
				04546E0E1F43F6A200707141 /* AppDelegate.h */,
				04546E0F1F43F6A200707141 /* AppDelegate.m */,
				04546E111F43F6A200707141 /* ViewController.h */,
				04546E121F43F6A200707141 /* ViewController.m */,
				04546E141F43F6A300707141 /* Main.storyboard */,
				04546E171F43F6A300707141 /* Assets.xcassets */,
				04546E191F43F6A300707141 /* LaunchScreen.storyboard */,
				04546E1C1F43F6A300707141 /* Info.plist */,
				04546E0B1F43F6A200707141 /* Supporting Files */,
			);
			path = dropMenu;
			sourceTree = "<group>";
		};
		04546E0B1F43F6A200707141 /* Supporting Files */ = {
			isa = PBXGroup;
			children = (
				04546E0C1F43F6A200707141 /* main.m */,
			);
			name = "Supporting Files";
			sourceTree = "<group>";
		};
		04546E241F43F6A300707141 /* dropMenuTests */ = {
			isa = PBXGroup;
			children = (
				04546E251F43F6A300707141 /* dropMenuTests.m */,
				04546E271F43F6A300707141 /* Info.plist */,
			);
			path = dropMenuTests;
			sourceTree = "<group>";
		};
		04546E2F1F43F6A300707141 /* dropMenuUITests */ = {
			isa = PBXGroup;
			children = (
				04546E301F43F6A300707141 /* dropMenuUITests.m */,
				04546E321F43F6A300707141 /* Info.plist */,
			);
			path = dropMenuUITests;
			sourceTree = "<group>";
		};
/* End PBXGroup section */

/* Begin PBXNativeTarget section */
		04546E071F43F6A200707141 /* dropMenu */ = {
			isa = PBXNativeTarget;
			buildConfigurationList = 04546E351F43F6A300707141 /* Build configuration list for PBXNativeTarget "dropMenu" */;
			buildPhases = (
				04546E041F43F6A200707141 /* Sources */,
				04546E051F43F6A200707141 /* Frameworks */,
				04546E061F43F6A200707141 /* Resources */,
			);
			buildRules = (
			);
			dependencies = (
			);
			name = dropMenu;
			productName = dropMenu;
			productReference = 04546E081F43F6A200707141 /* dropMenu.app */;
			productType = "com.apple.product-type.application";
		};
		04546E201F43F6A300707141 /* dropMenuTests */ = {
			isa = PBXNativeTarget;
			buildConfigurationList = 04546E381F43F6A300707141 /* Build configuration list for PBXNativeTarget "dropMenuTests" */;
			buildPhases = (
				04546E1D1F43F6A300707141 /* Sources */,
				04546E1E1F43F6A300707141 /* Frameworks */,
				04546E1F1F43F6A300707141 /* Resources */,
			);
			buildRules = (
			);
			dependencies = (
				04546E231F43F6A300707141 /* PBXTargetDependency */,
			);
			name = dropMenuTests;
			productName = dropMenuTests;
			productReference = 04546E211F43F6A300707141 /* dropMenuTests.xctest */;
			productType = "com.apple.product-type.bundle.unit-test";
		};
		04546E2B1F43F6A300707141 /* dropMenuUITests */ = {
			isa = PBXNativeTarget;
			buildConfigurationList = 04546E3B1F43F6A300707141 /* Build configuration list for PBXNativeTarget "dropMenuUITests" */;
			buildPhases = (
				04546E281F43F6A300707141 /* Sources */,
				04546E291F43F6A300707141 /* Frameworks */,
				04546E2A1F43F6A300707141 /* Resources */,
			);
			buildRules = (
			);
			dependencies = (
				04546E2E1F43F6A300707141 /* PBXTargetDependency */,
			);
			name = dropMenuUITests;
			productName = dropMenuUITests;
			productReference = 04546E2C1F43F6A300707141 /* dropMenuUITests.xctest */;
			productType = "com.apple.product-type.bundle.ui-testing";
		};
/* End PBXNativeTarget section */

/* Begin PBXProject section */
		04546E001F43F6A200707141 /* Project object */ = {
			isa = PBXProject;
			attributes = {
				LastUpgradeCheck = 0830;
				ORGANIZATIONNAME = mac;
				TargetAttributes = {
					04546E071F43F6A200707141 = {
						CreatedOnToolsVersion = 8.3.2;
						DevelopmentTeam = 384V675235;
						ProvisioningStyle = Automatic;
					};
					04546E201F43F6A300707141 = {
						CreatedOnToolsVersion = 8.3.2;
						ProvisioningStyle = Automatic;
						TestTargetID = 04546E071F43F6A200707141;
					};
					04546E2B1F43F6A300707141 = {
						CreatedOnToolsVersion = 8.3.2;
						ProvisioningStyle = Automatic;
						TestTargetID = 04546E071F43F6A200707141;
					};
				};
			};
			buildConfigurationList = 04546E031F43F6A200707141 /* Build configuration list for PBXProject "dropMenu" */;
			compatibilityVersion = "Xcode 3.2";
			developmentRegion = English;
			hasScannedForEncodings = 0;
			knownRegions = (
				en,
				Base,
			);
			mainGroup = 04546DFF1F43F6A200707141;
			productRefGroup = 04546E091F43F6A200707141 /* Products */;
			projectDirPath = "";
			projectRoot = "";
			targets = (
				04546E071F43F6A200707141 /* dropMenu */,
				04546E201F43F6A300707141 /* dropMenuTests */,
				04546E2B1F43F6A300707141 /* dropMenuUITests */,
			);
		};
/* End PBXProject section */

/* Begin PBXResourcesBuildPhase section */
		04546E061F43F6A200707141 /* Resources */ = {
			isa = PBXResourcesBuildPhase;
			buildActionMask = 2147483647;
			files = (
				04546E1B1F43F6A300707141 /* LaunchScreen.storyboard in Resources */,
				04546E181F43F6A300707141 /* Assets.xcassets in Resources */,
				04546E161F43F6A300707141 /* Main.storyboard in Resources */,
			);
			runOnlyForDeploymentPostprocessing = 0;
		};
		04546E1F1F43F6A300707141 /* Resources */ = {
			isa = PBXResourcesBuildPhase;
			buildActionMask = 2147483647;
			files = (
			);
			runOnlyForDeploymentPostprocessing = 0;
		};
		04546E2A1F43F6A300707141 /* Resources */ = {
			isa = PBXResourcesBuildPhase;
			buildActionMask = 2147483647;
			files = (
			);
			runOnlyForDeploymentPostprocessing = 0;
		};
/* End PBXResourcesBuildPhase section */

/* Begin PBXSourcesBuildPhase section */
		04546E041F43F6A200707141 /* Sources */ = {
			isa = PBXSourcesBuildPhase;
			buildActionMask = 2147483647;
			files = (
				04546E131F43F6A200707141 /* ViewController.m in Sources */,
				04546E101F43F6A200707141 /* AppDelegate.m in Sources */,
				04546E0D1F43F6A200707141 /* main.m in Sources */,
			);
			runOnlyForDeploymentPostprocessing = 0;
		};
		04546E1D1F43F6A300707141 /* Sources */ = {
			isa = PBXSourcesBuildPhase;
			buildActionMask = 2147483647;
			files = (
				04546E261F43F6A300707141 /* dropMenuTests.m in Sources */,
			);
			runOnlyForDeploymentPostprocessing = 0;
		};
		04546E281F43F6A300707141 /* Sources */ = {
			isa = PBXSourcesBuildPhase;
			buildActionMask = 2147483647;
			files = (
				04546E311F43F6A300707141 /* dropMenuUITests.m in Sources */,
			);
			runOnlyForDeploymentPostprocessing = 0;
		};
/* End PBXSourcesBuildPhase section */

/* Begin PBXTargetDependency section */
		04546E231F43F6A300707141 /* PBXTargetDependency */ = {
			isa = PBXTargetDependency;
			target = 04546E071F43F6A200707141 /* dropMenu */;
			targetProxy = 04546E221F43F6A300707141 /* PBXContainerItemProxy */;
		};
		04546E2E1F43F6A300707141 /* PBXTargetDependency */ = {
			isa = PBXTargetDependency;
			target = 04546E071F43F6A200707141 /* dropMenu */;
			targetProxy = 04546E2D1F43F6A300707141 /* PBXContainerItemProxy */;
		};
/* End PBXTargetDependency section */

/* Begin PBXVariantGroup section */
		04546E141F43F6A300707141 /* Main.storyboard */ = {
			isa = PBXVariantGroup;
			children = (
				04546E151F43F6A300707141 /* Base */,
			);
			name = Main.storyboard;
			sourceTree = "<group>";
		};
		04546E191F43F6A300707141 /* LaunchScreen.storyboard */ = {
			isa = PBXVariantGroup;
			children = (
				04546E1A1F43F6A300707141 /* Base */,
			);
			name = LaunchScreen.storyboard;
			sourceTree = "<group>";
		};
/* End PBXVariantGroup section */

/* Begin XCBuildConfiguration section */
		04546E331F43F6A300707141 /* Debug */ = {
			isa = XCBuildConfiguration;
			buildSettings = {
				ALWAYS_SEARCH_USER_PATHS = NO;
				CLANG_ANALYZER_NONNULL = YES;
				CLANG_ANALYZER_NUMBER_OBJECT_CONVERSION = YES_AGGRESSIVE;
				CLANG_CXX_LANGUAGE_STANDARD = "gnu++0x";
				CLANG_CXX_LIBRARY = "libc++";
				CLANG_ENABLE_MODULES = YES;
				CLANG_ENABLE_OBJC_ARC = YES;
				CLANG_WARN_BOOL_CONVERSION = YES;
				CLANG_WARN_CONSTANT_CONVERSION = YES;
				CLANG_WARN_DIRECT_OBJC_ISA_USAGE = YES_ERROR;
				CLANG_WARN_DOCUMENTATION_COMMENTS = YES;
				CLANG_WARN_EMPTY_BODY = YES;
				CLANG_WARN_ENUM_CONVERSION = YES;
				CLANG_WARN_INFINITE_RECURSION = YES;
				CLANG_WARN_INT_CONVERSION = YES;
				CLANG_WARN_OBJC_ROOT_CLASS = YES_ERROR;
				CLANG_WARN_SUSPICIOUS_MOVE = YES;
				CLANG_WARN_UNREACHABLE_CODE = YES;
				CLANG_WARN__DUPLICATE_METHOD_MATCH = YES;
				"CODE_SIGN_IDENTITY[sdk=iphoneos*]" = "iPhone Developer";
				COPY_PHASE_STRIP = NO;
				DEBUG_INFORMATION_FORMAT = dwarf;
				ENABLE_STRICT_OBJC_MSGSEND = YES;
				ENABLE_TESTABILITY = YES;
				GCC_C_LANGUAGE_STANDARD = gnu99;
				GCC_DYNAMIC_NO_PIC = NO;
				GCC_NO_COMMON_BLOCKS = YES;
				GCC_OPTIMIZATION_LEVEL = 0;
				GCC_PREPROCESSOR_DEFINITIONS = (
					"DEBUG=1",
					"$(inherited)",
				);
				GCC_WARN_64_TO_32_BIT_CONVERSION = YES;
				GCC_WARN_ABOUT_RETURN_TYPE = YES_ERROR;
				GCC_WARN_UNDECLARED_SELECTOR = YES;
				GCC_WARN_UNINITIALIZED_AUTOS = YES_AGGRESSIVE;
				GCC_WARN_UNUSED_FUNCTION = YES;
				GCC_WARN_UNUSED_VARIABLE = YES;
				IPHONEOS_DEPLOYMENT_TARGET = 10.3;
				MTL_ENABLE_DEBUG_INFO = YES;
				ONLY_ACTIVE_ARCH = YES;
				SDKROOT = iphoneos;
				TARGETED_DEVICE_FAMILY = "1,2";
			};
			name = Debug;
		};
		04546E341F43F6A300707141 /* Release */ = {
			isa = XCBuildConfiguration;
			buildSettings = {
				ALWAYS_SEARCH_USER_PATHS = NO;
				CLANG_ANALYZER_NONNULL = YES;
				CLANG_ANALYZER_NUMBER_OBJECT_CONVERSION = YES_AGGRESSIVE;
				CLANG_CXX_LANGUAGE_STANDARD = "gnu++0x";
				CLANG_CXX_LIBRARY = "libc++";
				CLANG_ENABLE_MODULES = YES;
				CLANG_ENABLE_OBJC_ARC = YES;
				CLANG_WARN_BOOL_CONVERSION = YES;
				CLANG_WARN_CONSTANT_CONVERSION = YES;
				CLANG_WARN_DIRECT_OBJC_ISA_USAGE = YES_ERROR;
				CLANG_WARN_DOCUMENTATION_COMMENTS = YES;
				CLANG_WARN_EMPTY_BODY = YES;
				CLANG_WARN_ENUM_CONVERSION = YES;
				CLANG_WARN_INFINITE_RECURSION = YES;
				CLANG_WARN_INT_CONVERSION = YES;
				CLANG_WARN_OBJC_ROOT_CLASS = YES_ERROR;
				CLANG_WARN_SUSPICIOUS_MOVE = YES;
				CLANG_WARN_UNREACHABLE_CODE = YES;
				CLANG_WARN__DUPLICATE_METHOD_MATCH = YES;
				"CODE_SIGN_IDENTITY[sdk=iphoneos*]" = "iPhone Developer";
				COPY_PHASE_STRIP = NO;
				DEBUG_INFORMATION_FORMAT = "dwarf-with-dsym";
				ENABLE_NS_ASSERTIONS = NO;
				ENABLE_STRICT_OBJC_MSGSEND = YES;
				GCC_C_LANGUAGE_STANDARD = gnu99;
				GCC_NO_COMMON_BLOCKS = YES;
				GCC_WARN_64_TO_32_BIT_CONVERSION = YES;
				GCC_WARN_ABOUT_RETURN_TYPE = YES_ERROR;
				GCC_WARN_UNDECLARED_SELECTOR = YES;
				GCC_WARN_UNINITIALIZED_AUTOS = YES_AGGRESSIVE;
				GCC_WARN_UNUSED_FUNCTION = YES;
				GCC_WARN_UNUSED_VARIABLE = YES;
				IPHONEOS_DEPLOYMENT_TARGET = 10.3;
				MTL_ENABLE_DEBUG_INFO = NO;
				SDKROOT = iphoneos;
				TARGETED_DEVICE_FAMILY = "1,2";
				VALIDATE_PRODUCT = YES;
			};
			name = Release;
		};
		04546E361F43F6A300707141 /* Debug */ = {
			isa = XCBuildConfiguration;
			buildSettings = {
				ASSETCATALOG_COMPILER_APPICON_NAME = AppIcon;
				DEVELOPMENT_TEAM = 384V675235;
				INFOPLIST_FILE = dropMenu/Info.plist;
				LD_RUNPATH_SEARCH_PATHS = "$(inherited) @executable_path/Frameworks";
				PRODUCT_BUNDLE_IDENTIFIER = ss.dropMenu;
				PRODUCT_NAME = "$(TARGET_NAME)";
			};
			name = Debug;
		};
		04546E371F43F6A300707141 /* Release */ = {
			isa = XCBuildConfiguration;
			buildSettings = {
				ASSETCATALOG_COMPILER_APPICON_NAME = AppIcon;
				DEVELOPMENT_TEAM = 384V675235;
				INFOPLIST_FILE = dropMenu/Info.plist;
				LD_RUNPATH_SEARCH_PATHS = "$(inherited) @executable_path/Frameworks";
				PRODUCT_BUNDLE_IDENTIFIER = ss.dropMenu;
				PRODUCT_NAME = "$(TARGET_NAME)";
			};
			name = Release;
		};
		04546E391F43F6A300707141 /* Debug */ = {
			isa = XCBuildConfiguration;
			buildSettings = {
				BUNDLE_LOADER = "$(TEST_HOST)";
				INFOPLIST_FILE = dropMenuTests/Info.plist;
				LD_RUNPATH_SEARCH_PATHS = "$(inherited) @executable_path/Frameworks @loader_path/Frameworks";
				PRODUCT_BUNDLE_IDENTIFIER = ss.dropMenuTests;
				PRODUCT_NAME = "$(TARGET_NAME)";
				TEST_HOST = "$(BUILT_PRODUCTS_DIR)/dropMenu.app/dropMenu";
			};
			name = Debug;
		};
		04546E3A1F43F6A300707141 /* Release */ = {
			isa = XCBuildConfiguration;
			buildSettings = {
				BUNDLE_LOADER = "$(TEST_HOST)";
				INFOPLIST_FILE = dropMenuTests/Info.plist;
				LD_RUNPATH_SEARCH_PATHS = "$(inherited) @executable_path/Frameworks @loader_path/Frameworks";
				PRODUCT_BUNDLE_IDENTIFIER = ss.dropMenuTests;
				PRODUCT_NAME = "$(TARGET_NAME)";
				TEST_HOST = "$(BUILT_PRODUCTS_DIR)/dropMenu.app/dropMenu";
			};
			name = Release;
		};
		04546E3C1F43F6A300707141 /* Debug */ = {
			isa = XCBuildConfiguration;
			buildSettings = {
				INFOPLIST_FILE = dropMenuUITests/Info.plist;
				LD_RUNPATH_SEARCH_PATHS = "$(inherited) @executable_path/Frameworks @loader_path/Frameworks";
				PRODUCT_BUNDLE_IDENTIFIER = ss.dropMenuUITests;
				PRODUCT_NAME = "$(TARGET_NAME)";
				TEST_TARGET_NAME = dropMenu;
			};
			name = Debug;
		};
		04546E3D1F43F6A300707141 /* Release */ = {
			isa = XCBuildConfiguration;
			buildSettings = {
				INFOPLIST_FILE = dropMenuUITests/Info.plist;
				LD_RUNPATH_SEARCH_PATHS = "$(inherited) @executable_path/Frameworks @loader_path/Frameworks";
				PRODUCT_BUNDLE_IDENTIFIER = ss.dropMenuUITests;
				PRODUCT_NAME = "$(TARGET_NAME)";
				TEST_TARGET_NAME = dropMenu;
			};
			name = Release;
		};
/* End XCBuildConfiguration section */

/* Begin XCConfigurationList section */
		04546E031F43F6A200707141 /* Build configuration list for PBXProject "dropMenu" */ = {
			isa = XCConfigurationList;
			buildConfigurations = (
				04546E331F43F6A300707141 /* Debug */,
				04546E341F43F6A300707141 /* Release */,
			);
			defaultConfigurationIsVisible = 0;
			defaultConfigurationName = Release;
		};
		04546E351F43F6A300707141 /* Build configuration list for PBXNativeTarget "dropMenu" */ = {
			isa = XCConfigurationList;
			buildConfigurations = (
				04546E361F43F6A300707141 /* Debug */,
				04546E371F43F6A300707141 /* Release */,
			);
			defaultConfigurationIsVisible = 0;
		};
		04546E381F43F6A300707141 /* Build configuration list for PBXNativeTarget "dropMenuTests" */ = {
			isa = XCConfigurationList;
			buildConfigurations = (
				04546E391F43F6A300707141 /* Debug */,
				04546E3A1F43F6A300707141 /* Release */,
			);
			defaultConfigurationIsVisible = 0;
		};
		04546E3B1F43F6A300707141 /* Build configuration list for PBXNativeTarget "dropMenuUITests" */ = {
			isa = XCConfigurationList;
			buildConfigurations = (
				04546E3C1F43F6A300707141 /* Debug */,
				04546E3D1F43F6A300707141 /* Release */,
			);
			defaultConfigurationIsVisible = 0;
		};
/* End XCConfigurationList section */
	};
	rootObject = 04546E001F43F6A200707141 /* Project object */;
}
